
Microsoft Visual Studio Solution File, Format Version 12.00
# Visual Studio Version 16
VisualStudioVersion = 16.0.29020.237
MinimumVisualStudioVersion = 10.0.40219.1
Project("{FAE04EC0-301F-11D3-BF4B-00C04F79EFBC}") = "eToolKit_Classes", "eToolKit_Classes\eToolKit_Classes.csproj", "{019148C4-D922-4989-B455-F02AD2AF5EEE}"
EndProject
Project("{FAE04EC0-301F-11D3-BF4B-00C04F79EFBC}") = "eToolkit_View", "eToolkit_View\eToolkit_View.csproj", "{2D97B61F-31F1-4D5E-BE3E-DD2C62CE8A73}"
EndProject
Project("{FAE04EC0-301F-11D3-BF4B-00C04F79EFBC}") = "Models_SC_Proj", "Models_SC_Proj\Models_SC_Proj.csproj", "{7D7BDC33-0F0E-4E1A-874A-FDEEF4FD7AEE}"
EndProject
Project("{FAE04EC0-301F-11D3-BF4B-00C04F79EFBC}") = "Revit_eToolKit_Map", "Revit_eToolKit_Map\Revit_eToolKit_Map.csproj", "{A038EAD1-259F-4C92-8A0E-5AB0E5F624BD}"
EndProject
Project("{FAE04EC0-301F-11D3-BF4B-00C04F79EFBC}") = "RevitConnectionProperties", "RevitConnectionProperties\RevitConnectionProperties.csproj", "{60438435-12E3-4914-8872-70F91C25568B}"
EndProject
Project("{FAE04EC0-301F-11D3-BF4B-00C04F79EFBC}") = "SC_View", "SC_View\SC_View.csproj", "{B8FBB4C6-3FE4-4A40-869F-E606B3C88105}"
EndProject
Project("{2150E333-8FDC-42A3-9474-1A3956D46DE8}") = "Presentation", "Presentation", "{9D817617-B683-40AB-B4B2-B70EE43AF5F4}"
EndProject
Project("{2150E333-8FDC-42A3-9474-1A3956D46DE8}") = "Domain", "Domain", "{808BC74B-9FB3-4A46-A86C-754840D6AFDA}"
EndProject
Project("{2150E333-8FDC-42A3-9474-1A3956D46DE8}") = "DataAccess", "DataAccess", "{1E06D7C6-65B0-48DA-BA74-B00A002AB132}"
EndProject
Project("{2150E333-8FDC-42A3-9474-1A3956D46DE8}") = "Common", "Common", "{6853B351-ECCD-43A9-A1D2-66775AB97F14}"
EndProject
Project("{FAE04EC0-301F-11D3-BF4B-00C04F79EFBC}") = "Wpf.Styles", "Wpf.Styles\Wpf.Styles.csproj", "{990FA97F-1081-405C-9E93-50131F27EE7A}"
EndProject
Project("{2150E333-8FDC-42A3-9474-1A3956D46DE8}") = "Analysis", "Analysis", "{8D0C8F01-454F-44E0-8211-0DD3B030D81D}"
EndProject
Project("{FAE04EC0-301F-11D3-BF4B-00C04F79EFBC}") = "Strand7", "Strand7\Strand7.csproj", "{CC38CD2E-A129-4B90-82B1-EFB73B6EF623}"
EndProject
Project("{2150E333-8FDC-42A3-9474-1A3956D46DE8}") = "Design", "Design", "{91D012D7-CBF7-4266-8C2D-880B193C257E}"
EndProject
Project("{2150E333-8FDC-42A3-9474-1A3956D46DE8}") = "BIM", "BIM", "{6CA1A8CA-7918-43BC-9962-BFCA931FE9BE}"
EndProject
Project("{2150E333-8FDC-42A3-9474-1A3956D46DE8}") = "StartUp", "StartUp", "{6F124552-A20A-4028-BF03-0604AD79D4D5}"
EndProject
Project("{FAE04EC0-301F-11D3-BF4B-00C04F79EFBC}") = "RevitConnectionDesign", "RevitConnectionDesign\RevitConnectionDesign.csproj", "{35D6EFC9-F094-4C4F-98C8-2F694FA5E2A5}"
EndProject
Global
	GlobalSection(SolutionConfigurationPlatforms) = preSolution
		Debug|Any CPU = Debug|Any CPU
		Release|Any CPU = Release|Any CPU
	EndGlobalSection
	GlobalSection(ProjectConfigurationPlatforms) = postSolution
		{019148C4-D922-4989-B455-F02AD2AF5EEE}.Debug|Any CPU.ActiveCfg = Debug|Any CPU
		{019148C4-D922-4989-B455-F02AD2AF5EEE}.Debug|Any CPU.Build.0 = Debug|Any CPU
		{019148C4-D922-4989-B455-F02AD2AF5EEE}.Release|Any CPU.ActiveCfg = Release|Any CPU
		{019148C4-D922-4989-B455-F02AD2AF5EEE}.Release|Any CPU.Build.0 = Release|Any CPU
		{2D97B61F-31F1-4D5E-BE3E-DD2C62CE8A73}.Debug|Any CPU.ActiveCfg = Debug|Any CPU
		{2D97B61F-31F1-4D5E-BE3E-DD2C62CE8A73}.Debug|Any CPU.Build.0 = Debug|Any CPU
		{2D97B61F-31F1-4D5E-BE3E-DD2C62CE8A73}.Release|Any CPU.ActiveCfg = Release|Any CPU
		{2D97B61F-31F1-4D5E-BE3E-DD2C62CE8A73}.Release|Any CPU.Build.0 = Release|Any CPU
		{7D7BDC33-0F0E-4E1A-874A-FDEEF4FD7AEE}.Debug|Any CPU.ActiveCfg = Debug|Any CPU
		{7D7BDC33-0F0E-4E1A-874A-FDEEF4FD7AEE}.Debug|Any CPU.Build.0 = Debug|Any CPU
		{7D7BDC33-0F0E-4E1A-874A-FDEEF4FD7AEE}.Release|Any CPU.ActiveCfg = Release|Any CPU
		{7D7BDC33-0F0E-4E1A-874A-FDEEF4FD7AEE}.Release|Any CPU.Build.0 = Release|Any CPU
		{A038EAD1-259F-4C92-8A0E-5AB0E5F624BD}.Debug|Any CPU.ActiveCfg = Debug|Any CPU
		{A038EAD1-259F-4C92-8A0E-5AB0E5F624BD}.Debug|Any CPU.Build.0 = Debug|Any CPU
		{A038EAD1-259F-4C92-8A0E-5AB0E5F624BD}.Release|Any CPU.ActiveCfg = Release|Any CPU
		{A038EAD1-259F-4C92-8A0E-5AB0E5F624BD}.Release|Any CPU.Build.0 = Release|Any CPU
		{60438435-12E3-4914-8872-70F91C25568B}.Debug|Any CPU.ActiveCfg = Debug|Any CPU
		{60438435-12E3-4914-8872-70F91C25568B}.Debug|Any CPU.Build.0 = Debug|Any CPU
		{60438435-12E3-4914-8872-70F91C25568B}.Release|Any CPU.ActiveCfg = Release|Any CPU
		{60438435-12E3-4914-8872-70F91C25568B}.Release|Any CPU.Build.0 = Release|Any CPU
		{B8FBB4C6-3FE4-4A40-869F-E606B3C88105}.Debug|Any CPU.ActiveCfg = Debug|Any CPU
		{B8FBB4C6-3FE4-4A40-869F-E606B3C88105}.Debug|Any CPU.Build.0 = Debug|Any CPU
		{B8FBB4C6-3FE4-4A40-869F-E606B3C88105}.Release|Any CPU.ActiveCfg = Release|Any CPU
		{B8FBB4C6-3FE4-4A40-869F-E606B3C88105}.Release|Any CPU.Build.0 = Release|Any CPU
		{990FA97F-1081-405C-9E93-50131F27EE7A}.Debug|Any CPU.ActiveCfg = Debug|Any CPU
		{990FA97F-1081-405C-9E93-50131F27EE7A}.Debug|Any CPU.Build.0 = Debug|Any CPU
		{990FA97F-1081-405C-9E93-50131F27EE7A}.Release|Any CPU.ActiveCfg = Release|Any CPU
		{990FA97F-1081-405C-9E93-50131F27EE7A}.Release|Any CPU.Build.0 = Release|Any CPU
		{CC38CD2E-A129-4B90-82B1-EFB73B6EF623}.Debug|Any CPU.ActiveCfg = Debug|Any CPU
		{CC38CD2E-A129-4B90-82B1-EFB73B6EF623}.Debug|Any CPU.Build.0 = Debug|Any CPU
		{CC38CD2E-A129-4B90-82B1-EFB73B6EF623}.Release|Any CPU.ActiveCfg = Release|Any CPU
		{CC38CD2E-A129-4B90-82B1-EFB73B6EF623}.Release|Any CPU.Build.0 = Release|Any CPU
		{35D6EFC9-F094-4C4F-98C8-2F694FA5E2A5}.Debug|Any CPU.ActiveCfg = Debug|Any CPU
		{35D6EFC9-F094-4C4F-98C8-2F694FA5E2A5}.Debug|Any CPU.Build.0 = Debug|Any CPU
		{35D6EFC9-F094-4C4F-98C8-2F694FA5E2A5}.Release|Any CPU.ActiveCfg = Release|Any CPU
		{35D6EFC9-F094-4C4F-98C8-2F694FA5E2A5}.Release|Any CPU.Build.0 = Release|Any CPU
	EndGlobalSection
	GlobalSection(SolutionProperties) = preSolution
		HideSolutionNode = FALSE
	EndGlobalSection
	GlobalSection(NestedProjects) = preSolution
		{019148C4-D922-4989-B455-F02AD2AF5EEE} = {91D012D7-CBF7-4266-8C2D-880B193C257E}
		{2D97B61F-31F1-4D5E-BE3E-DD2C62CE8A73} = {9D817617-B683-40AB-B4B2-B70EE43AF5F4}
		{7D7BDC33-0F0E-4E1A-874A-FDEEF4FD7AEE} = {808BC74B-9FB3-4A46-A86C-754840D6AFDA}
		{A038EAD1-259F-4C92-8A0E-5AB0E5F624BD} = {808BC74B-9FB3-4A46-A86C-754840D6AFDA}
		{60438435-12E3-4914-8872-70F91C25568B} = {6CA1A8CA-7918-43BC-9962-BFCA931FE9BE}
		{B8FBB4C6-3FE4-4A40-869F-E606B3C88105} = {9D817617-B683-40AB-B4B2-B70EE43AF5F4}
		{6853B351-ECCD-43A9-A1D2-66775AB97F14} = {9D817617-B683-40AB-B4B2-B70EE43AF5F4}
		{990FA97F-1081-405C-9E93-50131F27EE7A} = {6853B351-ECCD-43A9-A1D2-66775AB97F14}
		{8D0C8F01-454F-44E0-8211-0DD3B030D81D} = {808BC74B-9FB3-4A46-A86C-754840D6AFDA}
		{CC38CD2E-A129-4B90-82B1-EFB73B6EF623} = {8D0C8F01-454F-44E0-8211-0DD3B030D81D}
		{91D012D7-CBF7-4266-8C2D-880B193C257E} = {808BC74B-9FB3-4A46-A86C-754840D6AFDA}
		{6CA1A8CA-7918-43BC-9962-BFCA931FE9BE} = {808BC74B-9FB3-4A46-A86C-754840D6AFDA}
		{35D6EFC9-F094-4C4F-98C8-2F694FA5E2A5} = {6F124552-A20A-4028-BF03-0604AD79D4D5}
	EndGlobalSection
	GlobalSection(ExtensibilityGlobals) = postSolution
		SolutionGuid = {F7A5E085-061E-4C42-8668-28CD2B12731C}
	EndGlobalSection
EndGlobal
